{
  "name": "my-new-package",
  "version": "0.0.0-pre",
  "lockfileVersion": 1,
  "requires": true,
  "dependencies": {
    "@depack/nodejs": {
      "version": "1.1.4",
      "resolved": "https://registry.npmjs.org/@depack/nodejs/-/nodejs-1.1.4.tgz",
      "integrity": "sha512-vtmNtylOPNjFkQHOgC1M8Ru9c211FgtD3sG3KGS9dvlcHDUAiNoJ52gVwOep5Tkp0I4qmwPx3oyTV6OwKchmlg==",
      "dev": true
    },
    "@externs/nodejs": {
      "version": "1.5.0",
      "resolved": "https://registry.npmjs.org/@externs/nodejs/-/nodejs-1.5.0.tgz",
      "integrity": "sha512-2J+FRDjGfKKldTQ5YqLmhQ04/sA9swTQ6OTtPzo4xhg41u1+eiufciXiqW6u3UXEcmm413a27NakgnLbzfp0wQ==",
      "dev": true
    },
    "@zoroaster/assert": {
      "version": "1.0.2",
      "resolved": "https://registry.npmjs.org/@zoroaster/assert/-/assert-1.0.2.tgz",
      "integrity": "sha512-5C0LDzW8DkiSSCLyYO9ux3R5ru65yEn/GtxH1wh7ukRhLAZ/Svx4+A81YvciXcn35B2VmvCqyiTrhNdxdgusSw==",
      "dev": true
    },
    "@zoroaster/mask": {
      "version": "2.3.0",
      "resolved": "https://registry.npmjs.org/@zoroaster/mask/-/mask-2.3.0.tgz",
      "integrity": "sha512-fufal06pS/SYhOKHCmoFQ+PjhQwsCwMr2h0D2xeiVaXstaWHJVEiLg4+BU/KCmOOzLXLKikf81ca4zFXip7ScQ==",
      "dev": true
    },
    "alamode": {
      "version": "3.2.0",
      "resolved": "https://registry.npmjs.org/alamode/-/alamode-3.2.0.tgz",
      "integrity": "sha512-jDV6kYpIf9jHJUre1OOotW8EM2Qy58S/eOks2MWhjNz2xJQdEfyzFKbcdaZowC8sk5DKxsnapf/mZNE53B3haQ==",
      "dev": true
    },
    "argufy": {
      "version": "1.7.1",
      "resolved": "https://registry.npmjs.org/argufy/-/argufy-1.7.1.tgz",
      "integrity": "sha512-xsy9ooVGfFn0V2J7IbsCPg5Hx6Qw93jnBMl/I35qt9lRS+53ioLdAOvStYSdI6sdCCTnrw1fZFR5m16FIcfPCg==",
      "dev": true
    },
    "depack": {
      "version": "1.0.1",
      "resolved": "https://registry.npmjs.org/depack/-/depack-1.0.1.tgz",
      "integrity": "sha512-W1etv1UIcdoRDqN8JzwcD8T1ZUylbppmqMQulu54YMoTSMAVmqcp8lnR17og8RtvHFlI41qpi58SMgnU3C6hPQ==",
      "dev": true,
      "requires": {
        "@depack/nodejs": "^1.1.4",
        "@externs/nodejs": "^1.5.0"
      }
    },
    "documentary": {
      "version": "1.34.1",
      "resolved": "https://registry.npmjs.org/documentary/-/documentary-1.34.1.tgz",
      "integrity": "sha512-Gi7XJ9KQYOxObCEFq0rjmP0c7CVhlo1KTz1aw17qq4P7LGkS7YRN/5PWxPOM1a/87kWIOV/zekn5ZaoWdH9sMQ==",
      "dev": true,
      "requires": {
        "alamode": "^3.0.0",
        "preact": "8.5.2",
        "typal": "^1.22.6"
      },
      "dependencies": {
        "typal": {
          "version": "1.22.7",
          "resolved": "https://registry.npmjs.org/typal/-/typal-1.22.7.tgz",
          "integrity": "sha512-U/YO1h9KA44bjwHqwBtZUQVHkWMZoB72X0wqShdQ+giQGd9n0f6efOesT71R8kGcewpAINNC8pSKim1P/z/Ogw==",
          "dev": true
        }
      }
    },
    "erte": {
      "version": "1.2.0",
      "resolved": "https://registry.npmjs.org/erte/-/erte-1.2.0.tgz",
      "integrity": "sha512-saxyNviRCvFENCyZ66O58cY8icaraVeQOgGks6ujsBeS7zf3yyjXrhyfMpERZo7SJH1KKdXcSQqgemxW6eIpjA==",
      "dev": true
    },
    "eslint-config-artdeco": {
      "version": "1.0.1",
      "resolved": "https://registry.npmjs.org/eslint-config-artdeco/-/eslint-config-artdeco-1.0.1.tgz",
      "integrity": "sha1-RFHJ0O0c5NM9/UOmMV8SyL+wQnQ=",
      "dev": true
    },
    "indicatrix": {
      "version": "1.4.0",
      "resolved": "https://registry.npmjs.org/indicatrix/-/indicatrix-1.4.0.tgz",
      "integrity": "sha512-35LB8ClUvqFFRJhEpllq5H8lnKrQa4CFJapjC0hsU+c8Qr0PCCASf4iffDW28EMHn1AxeY/jTh/ayOpAanUbbQ==",
      "dev": true
    },
    "preact": {
      "version": "8.5.2",
      "resolved": "https://registry.npmjs.org/preact/-/preact-8.5.2.tgz",
      "integrity": "sha512-37tlDJGq5IQKqGUbqPZ7qPtsTOWFyxe+ojAOFfzKo0dEPreenqrqgJuS83zGpeGAqD9h9L9Yr7QuxH2W4ZrKxg==",
      "dev": true
    },
    "usually": {
      "version": "1.2.0",
      "resolved": "https://registry.npmjs.org/usually/-/usually-1.2.0.tgz",
      "integrity": "sha512-/PIDu3pkZNqYdzOr0Cyq2q8FP3ziBISOvVJtZcypg3BygIW/W618oF4dtK4mhCxbk3bUzrfTbCxDWCCr85bq/g==",
      "dev": true
    },
    "yarn-s": {
      "version": "1.2.1",
      "resolved": "https://registry.npmjs.org/yarn-s/-/yarn-s-1.2.1.tgz",
      "integrity": "sha512-9qnU+hBV/mDJHB//1psEH786C1LEdr8AdXhMMiSh26io0GW0tHy4DEhstgaWlR8gzKF8FMgpoYsDtQdtSAY+8Q==",
      "dev": true
    },
    "zoroaster": {
      "version": "4.1.2",
      "resolved": "https://registry.npmjs.org/zoroaster/-/zoroaster-4.1.2.tgz",
      "integrity": "sha512-mE5RlV12h5bEZ4LBX0NsR5NEwNicLR6kdwXMijWD8vH+8JmbtXuC664ndzsw46lnhmn2VWlafyBi5k/MMCmftA==",
      "dev": true,
      "requires": {
        "@zoroaster/assert": "^1.0.2",
        "@zoroaster/mask": "^2.2.0",
        "alamode": "^3.0.0"
      }
    }
  }
}
